// !$*UTF8*$!
{
	archiveVersion = 1;
	classes = {
	};
	objectVersion = 46;
	objects = {

/* Begin PBXBuildFile section */
		BE0ADC161960383700E24690 /* GDAL.framework in Frameworks */ = {isa = PBXBuildFile; fileRef = BE0ADC151960383600E24690 /* GDAL.framework */; };
		BE0ADC1F196038F000E24690 /* libboost_system.dylib in Frameworks */ = {isa = PBXBuildFile; fileRef = BE0ADC17196038F000E24690 /* libboost_system.dylib */; };
		BE0ADC20196038F000E24690 /* libboost_thread.dylib in Frameworks */ = {isa = PBXBuildFile; fileRef = BE0ADC18196038F000E24690 /* libboost_thread.dylib */; };
		BE0ADC23196038F000E24690 /* libgmp.10.dylib in Frameworks */ = {isa = PBXBuildFile; fileRef = BE0ADC1B196038F000E24690 /* libgmp.10.dylib */; };
		BE0ADC24196038F000E24690 /* libgmpxx.4.dylib in Frameworks */ = {isa = PBXBuildFile; fileRef = BE0ADC1C196038F000E24690 /* libgmpxx.4.dylib */; };
		BE0ADC25196038F000E24690 /* libmpfi.0.dylib in Frameworks */ = {isa = PBXBuildFile; fileRef = BE0ADC1D196038F000E24690 /* libmpfi.0.dylib */; };
		BE0ADC26196038F000E24690 /* libmpfr.4.dylib in Frameworks */ = {isa = PBXBuildFile; fileRef = BE0ADC1E196038F000E24690 /* libmpfr.4.dylib */; };
		BE1D2D9D195EEBD70058FE06 /* TriVisScene.cpp in Sources */ = {isa = PBXBuildFile; fileRef = BE1D2D9C195EEBD70058FE06 /* TriVisScene.cpp */; };
		BE3ADC391960500A009627DA /* GLKit.framework in Frameworks */ = {isa = PBXBuildFile; fileRef = BE3ADC381960500A009627DA /* GLKit.framework */; };
		BE4C0FA3195DBAC20095C08D /* Cocoa.framework in Frameworks */ = {isa = PBXBuildFile; fileRef = BE4C0FA2195DBAC20095C08D /* Cocoa.framework */; };
		BE4C0FAD195DBAC20095C08D /* InfoPlist.strings in Resources */ = {isa = PBXBuildFile; fileRef = BE4C0FAB195DBAC20095C08D /* InfoPlist.strings */; };
		BE4C0FAF195DBAC20095C08D /* main.m in Sources */ = {isa = PBXBuildFile; fileRef = BE4C0FAE195DBAC20095C08D /* main.m */; };
		BE4C0FB9195DBAC20095C08D /* MainMenu.xib in Resources */ = {isa = PBXBuildFile; fileRef = BE4C0FB7195DBAC20095C08D /* MainMenu.xib */; };
		BE4C0FBB195DBAC20095C08D /* Images.xcassets in Resources */ = {isa = PBXBuildFile; fileRef = BE4C0FBA195DBAC20095C08D /* Images.xcassets */; };
		BE4C0FC3195DBAC20095C08D /* Cocoa.framework in Frameworks */ = {isa = PBXBuildFile; fileRef = BE4C0FA2195DBAC20095C08D /* Cocoa.framework */; };
		BE4C0FCB195DBAC20095C08D /* InfoPlist.strings in Resources */ = {isa = PBXBuildFile; fileRef = BE4C0FC9195DBAC20095C08D /* InfoPlist.strings */; };
		BE4C0FCD195DBAC20095C08D /* TriVisTests.m in Sources */ = {isa = PBXBuildFile; fileRef = BE4C0FCC195DBAC20095C08D /* TriVisTests.m */; };
		BE4C0FD7195DC4600095C08D /* OpenGL.framework in Frameworks */ = {isa = PBXBuildFile; fileRef = BE4C0FD6195DC4600095C08D /* OpenGL.framework */; };
		BE4C0FDA195DC6640095C08D /* TriVisGLView.m in Sources */ = {isa = PBXBuildFile; fileRef = BE4C0FD9195DC6640095C08D /* TriVisGLView.m */; };
		BE4C0FDD195DC7500095C08D /* TriVisWindowController.mm in Sources */ = {isa = PBXBuildFile; fileRef = BE4C0FDC195DC7500095C08D /* TriVisWindowController.mm */; };
		BE4C0FE0195DCA9A0095C08D /* TriVisRenderer.mm in Sources */ = {isa = PBXBuildFile; fileRef = BE4C0FDF195DCA9A0095C08D /* TriVisRenderer.mm */; };
		BE4C0FE3195DCCC10095C08D /* TriVisFullscreenWindow.m in Sources */ = {isa = PBXBuildFile; fileRef = BE4C0FE2195DCCC10095C08D /* TriVisFullscreenWindow.m */; };
		BEDACE52195EA9B9003B36E9 /* vertex.glsl in Resources */ = {isa = PBXBuildFile; fileRef = BEDACE51195EA9B9003B36E9 /* vertex.glsl */; };
		BEDACE54195EA9BD003B36E9 /* fragment.glsl in Resources */ = {isa = PBXBuildFile; fileRef = BEDACE53195EA9BD003B36E9 /* fragment.glsl */; };
		BEFF44FE19A3E51700D08188 /* libCGAL_Core.10.0.4.dylib in Frameworks */ = {isa = PBXBuildFile; fileRef = BEFF44FC19A3E51700D08188 /* libCGAL_Core.10.0.4.dylib */; };
		BEFF44FF19A3E51700D08188 /* libCGAL.10.0.4.dylib in Frameworks */ = {isa = PBXBuildFile; fileRef = BEFF44FD19A3E51700D08188 /* libCGAL.10.0.4.dylib */; };
		BEFF450819A3E68900D08188 /* Polygon_repair.cpp in Sources */ = {isa = PBXBuildFile; fileRef = BEFF450419A3E68900D08188 /* Polygon_repair.cpp */; };
/* End PBXBuildFile section */

/* Begin PBXContainerItemProxy section */
		BE4C0FC4195DBAC20095C08D /* PBXContainerItemProxy */ = {
			isa = PBXContainerItemProxy;
			containerPortal = BE4C0F97195DBAC20095C08D /* Project object */;
			proxyType = 1;
			remoteGlobalIDString = BE4C0F9E195DBAC20095C08D;
			remoteInfo = TriVis;
		};
/* End PBXContainerItemProxy section */

/* Begin PBXFileReference section */
		BE0ADC151960383600E24690 /* GDAL.framework */ = {isa = PBXFileReference; lastKnownFileType = wrapper.framework; name = GDAL.framework; path = ../../../../../Library/Frameworks/GDAL.framework; sourceTree = "<group>"; };
		BE0ADC17196038F000E24690 /* libboost_system.dylib */ = {isa = PBXFileReference; lastKnownFileType = "compiled.mach-o.dylib"; name = libboost_system.dylib; path = ../../../../../usr/local/lib/libboost_system.dylib; sourceTree = "<group>"; };
		BE0ADC18196038F000E24690 /* libboost_thread.dylib */ = {isa = PBXFileReference; lastKnownFileType = "compiled.mach-o.dylib"; name = libboost_thread.dylib; path = ../../../../../usr/local/lib/libboost_thread.dylib; sourceTree = "<group>"; };
		BE0ADC1B196038F000E24690 /* libgmp.10.dylib */ = {isa = PBXFileReference; lastKnownFileType = "compiled.mach-o.dylib"; name = libgmp.10.dylib; path = ../../../../../usr/local/lib/libgmp.10.dylib; sourceTree = "<group>"; };
		BE0ADC1C196038F000E24690 /* libgmpxx.4.dylib */ = {isa = PBXFileReference; lastKnownFileType = "compiled.mach-o.dylib"; name = libgmpxx.4.dylib; path = ../../../../../usr/local/lib/libgmpxx.4.dylib; sourceTree = "<group>"; };
		BE0ADC1D196038F000E24690 /* libmpfi.0.dylib */ = {isa = PBXFileReference; lastKnownFileType = "compiled.mach-o.dylib"; name = libmpfi.0.dylib; path = ../../../../../usr/local/lib/libmpfi.0.dylib; sourceTree = "<group>"; };
		BE0ADC1E196038F000E24690 /* libmpfr.4.dylib */ = {isa = PBXFileReference; lastKnownFileType = "compiled.mach-o.dylib"; name = libmpfr.4.dylib; path = ../../../../../usr/local/lib/libmpfr.4.dylib; sourceTree = "<group>"; };
		BE1D2D9B195EEBCB0058FE06 /* TriVisScene.h */ = {isa = PBXFileReference; lastKnownFileType = sourcecode.c.h; path = TriVisScene.h; sourceTree = "<group>"; };
		BE1D2D9C195EEBD70058FE06 /* TriVisScene.cpp */ = {isa = PBXFileReference; fileEncoding = 4; lastKnownFileType = sourcecode.cpp.cpp; path = TriVisScene.cpp; sourceTree = "<group>"; };
		BE3ADC381960500A009627DA /* GLKit.framework */ = {isa = PBXFileReference; lastKnownFileType = wrapper.framework; name = GLKit.framework; path = System/Library/Frameworks/GLKit.framework; sourceTree = SDKROOT; };
		BE4C0F9F195DBAC20095C08D /* TriVis.app */ = {isa = PBXFileReference; explicitFileType = wrapper.application; includeInIndex = 0; path = TriVis.app; sourceTree = BUILT_PRODUCTS_DIR; };
		BE4C0FA2195DBAC20095C08D /* Cocoa.framework */ = {isa = PBXFileReference; lastKnownFileType = wrapper.framework; name = Cocoa.framework; path = System/Library/Frameworks/Cocoa.framework; sourceTree = SDKROOT; };
		BE4C0FA5195DBAC20095C08D /* AppKit.framework */ = {isa = PBXFileReference; lastKnownFileType = wrapper.framework; name = AppKit.framework; path = System/Library/Frameworks/AppKit.framework; sourceTree = SDKROOT; };
		BE4C0FA6195DBAC20095C08D /* CoreData.framework */ = {isa = PBXFileReference; lastKnownFileType = wrapper.framework; name = CoreData.framework; path = System/Library/Frameworks/CoreData.framework; sourceTree = SDKROOT; };
		BE4C0FA7195DBAC20095C08D /* Foundation.framework */ = {isa = PBXFileReference; lastKnownFileType = wrapper.framework; name = Foundation.framework; path = System/Library/Frameworks/Foundation.framework; sourceTree = SDKROOT; };
		BE4C0FAA195DBAC20095C08D /* TriVis-Info.plist */ = {isa = PBXFileReference; lastKnownFileType = text.plist.xml; path = "TriVis-Info.plist"; sourceTree = "<group>"; };
		BE4C0FAC195DBAC20095C08D /* en */ = {isa = PBXFileReference; lastKnownFileType = text.plist.strings; name = en; path = en.lproj/InfoPlist.strings; sourceTree = "<group>"; };
		BE4C0FAE195DBAC20095C08D /* main.m */ = {isa = PBXFileReference; lastKnownFileType = sourcecode.c.objc; path = main.m; sourceTree = "<group>"; };
		BE4C0FB0195DBAC20095C08D /* TriVis-Prefix.pch */ = {isa = PBXFileReference; lastKnownFileType = sourcecode.c.h; path = "TriVis-Prefix.pch"; sourceTree = "<group>"; };
		BE4C0FB8195DBAC20095C08D /* Base */ = {isa = PBXFileReference; lastKnownFileType = file.xib; name = Base; path = Base.lproj/MainMenu.xib; sourceTree = "<group>"; };
		BE4C0FBA195DBAC20095C08D /* Images.xcassets */ = {isa = PBXFileReference; lastKnownFileType = folder.assetcatalog; path = Images.xcassets; sourceTree = "<group>"; };
		BE4C0FC0195DBAC20095C08D /* TriVisTests.xctest */ = {isa = PBXFileReference; explicitFileType = wrapper.cfbundle; includeInIndex = 0; path = TriVisTests.xctest; sourceTree = BUILT_PRODUCTS_DIR; };
		BE4C0FC8195DBAC20095C08D /* TriVisTests-Info.plist */ = {isa = PBXFileReference; lastKnownFileType = text.plist.xml; path = "TriVisTests-Info.plist"; sourceTree = "<group>"; };
		BE4C0FCA195DBAC20095C08D /* en */ = {isa = PBXFileReference; lastKnownFileType = text.plist.strings; name = en; path = en.lproj/InfoPlist.strings; sourceTree = "<group>"; };
		BE4C0FCC195DBAC20095C08D /* TriVisTests.m */ = {isa = PBXFileReference; lastKnownFileType = sourcecode.c.objc; path = TriVisTests.m; sourceTree = "<group>"; };
		BE4C0FD6195DC4600095C08D /* OpenGL.framework */ = {isa = PBXFileReference; lastKnownFileType = wrapper.framework; name = OpenGL.framework; path = System/Library/Frameworks/OpenGL.framework; sourceTree = SDKROOT; };
		BE4C0FD8195DC6640095C08D /* TriVisGLView.h */ = {isa = PBXFileReference; fileEncoding = 4; lastKnownFileType = sourcecode.c.h; path = TriVisGLView.h; sourceTree = "<group>"; };
		BE4C0FD9195DC6640095C08D /* TriVisGLView.m */ = {isa = PBXFileReference; fileEncoding = 4; lastKnownFileType = sourcecode.c.objc; path = TriVisGLView.m; sourceTree = "<group>"; };
		BE4C0FDB195DC7500095C08D /* TriVisWindowController.h */ = {isa = PBXFileReference; fileEncoding = 4; lastKnownFileType = sourcecode.c.h; path = TriVisWindowController.h; sourceTree = "<group>"; };
		BE4C0FDC195DC7500095C08D /* TriVisWindowController.mm */ = {isa = PBXFileReference; fileEncoding = 4; lastKnownFileType = sourcecode.cpp.objcpp; path = TriVisWindowController.mm; sourceTree = "<group>"; };
		BE4C0FDE195DCA9A0095C08D /* TriVisRenderer.h */ = {isa = PBXFileReference; fileEncoding = 4; lastKnownFileType = sourcecode.c.h; path = TriVisRenderer.h; sourceTree = "<group>"; };
		BE4C0FDF195DCA9A0095C08D /* TriVisRenderer.mm */ = {isa = PBXFileReference; fileEncoding = 4; lastKnownFileType = sourcecode.cpp.objcpp; path = TriVisRenderer.mm; sourceTree = "<group>"; };
		BE4C0FE1195DCCC10095C08D /* TriVisFullscreenWindow.h */ = {isa = PBXFileReference; fileEncoding = 4; lastKnownFileType = sourcecode.c.h; path = TriVisFullscreenWindow.h; sourceTree = "<group>"; };
		BE4C0FE2195DCCC10095C08D /* TriVisFullscreenWindow.m */ = {isa = PBXFileReference; fileEncoding = 4; lastKnownFileType = sourcecode.c.objc; path = TriVisFullscreenWindow.m; sourceTree = "<group>"; };
		BEDACE51195EA9B9003B36E9 /* vertex.glsl */ = {isa = PBXFileReference; fileEncoding = 4; lastKnownFileType = text; path = vertex.glsl; sourceTree = "<group>"; };
		BEDACE53195EA9BD003B36E9 /* fragment.glsl */ = {isa = PBXFileReference; fileEncoding = 4; lastKnownFileType = text; path = fragment.glsl; sourceTree = "<group>"; };
		BEFF44FC19A3E51700D08188 /* libCGAL_Core.10.0.4.dylib */ = {isa = PBXFileReference; lastKnownFileType = "compiled.mach-o.dylib"; name = libCGAL_Core.10.0.4.dylib; path = ../../../../usr/local/lib/libCGAL_Core.10.0.4.dylib; sourceTree = "<group>"; };
		BEFF44FD19A3E51700D08188 /* libCGAL.10.0.4.dylib */ = {isa = PBXFileReference; lastKnownFileType = "compiled.mach-o.dylib"; name = libCGAL.10.0.4.dylib; path = ../../../../usr/local/lib/libCGAL.10.0.4.dylib; sourceTree = "<group>"; };
		BEFF450019A3E68900D08188 /* Compact_constrained_triangulation_face_base_2.h */ = {isa = PBXFileReference; fileEncoding = 4; lastKnownFileType = sourcecode.c.h; path = Compact_constrained_triangulation_face_base_2.h; sourceTree = "<group>"; };
		BEFF450119A3E68900D08188 /* Definitions.h */ = {isa = PBXFileReference; fileEncoding = 4; lastKnownFileType = sourcecode.c.h; path = Definitions.h; sourceTree = "<group>"; };
		BEFF450219A3E68900D08188 /* Edge_info.h */ = {isa = PBXFileReference; fileEncoding = 4; lastKnownFileType = sourcecode.c.h; path = Edge_info.h; sourceTree = "<group>"; };
		BEFF450319A3E68900D08188 /* Enhanced_constrained_triangulation_2.h */ = {isa = PBXFileReference; fileEncoding = 4; lastKnownFileType = sourcecode.c.h; path = Enhanced_constrained_triangulation_2.h; sourceTree = "<group>"; };
		BEFF450419A3E68900D08188 /* Polygon_repair.cpp */ = {isa = PBXFileReference; fileEncoding = 4; lastKnownFileType = sourcecode.cpp.cpp; path = Polygon_repair.cpp; sourceTree = "<group>"; };
		BEFF450519A3E68900D08188 /* Polygon_repair.h */ = {isa = PBXFileReference; fileEncoding = 4; lastKnownFileType = sourcecode.c.h; path = Polygon_repair.h; sourceTree = "<group>"; };
		BEFF450619A3E68900D08188 /* Triangle_info.h */ = {isa = PBXFileReference; fileEncoding = 4; lastKnownFileType = sourcecode.c.h; path = Triangle_info.h; sourceTree = "<group>"; };
		BEFF450719A3E68900D08188 /* Triangulation_face_base_with_info_on_face_and_halfedges_2.h */ = {isa = PBXFileReference; fileEncoding = 4; lastKnownFileType = sourcecode.c.h; path = Triangulation_face_base_with_info_on_face_and_halfedges_2.h; sourceTree = "<group>"; };
/* End PBXFileReference section */

/* Begin PBXFrameworksBuildPhase section */
		BE4C0F9C195DBAC20095C08D /* Frameworks */ = {
			isa = PBXFrameworksBuildPhase;
			buildActionMask = 2147483647;
			files = (
				BEFF44FE19A3E51700D08188 /* libCGAL_Core.10.0.4.dylib in Frameworks */,
				BEFF44FF19A3E51700D08188 /* libCGAL.10.0.4.dylib in Frameworks */,
				BE3ADC391960500A009627DA /* GLKit.framework in Frameworks */,
				BE0ADC1F196038F000E24690 /* libboost_system.dylib in Frameworks */,
				BE0ADC20196038F000E24690 /* libboost_thread.dylib in Frameworks */,
				BE0ADC23196038F000E24690 /* libgmp.10.dylib in Frameworks */,
				BE0ADC24196038F000E24690 /* libgmpxx.4.dylib in Frameworks */,
				BE0ADC25196038F000E24690 /* libmpfi.0.dylib in Frameworks */,
				BE0ADC26196038F000E24690 /* libmpfr.4.dylib in Frameworks */,
				BE0ADC161960383700E24690 /* GDAL.framework in Frameworks */,
				BE4C0FD7195DC4600095C08D /* OpenGL.framework in Frameworks */,
				BE4C0FA3195DBAC20095C08D /* Cocoa.framework in Frameworks */,
			);
			runOnlyForDeploymentPostprocessing = 0;
		};
		BE4C0FBD195DBAC20095C08D /* Frameworks */ = {
			isa = PBXFrameworksBuildPhase;
			buildActionMask = 2147483647;
			files = (
				BE4C0FC3195DBAC20095C08D /* Cocoa.framework in Frameworks */,
			);
			runOnlyForDeploymentPostprocessing = 0;
		};
/* End PBXFrameworksBuildPhase section */

/* Begin PBXGroup section */
		BE4C0F96195DBAC20095C08D = {
			isa = PBXGroup;
			children = (
				BE4C0FA8195DBAC20095C08D /* TriVis */,
				BE4C0FC6195DBAC20095C08D /* TriVisTests */,
				BE4C0FA1195DBAC20095C08D /* Frameworks */,
				BE4C0FA0195DBAC20095C08D /* Products */,
			);
			sourceTree = "<group>";
		};
		BE4C0FA0195DBAC20095C08D /* Products */ = {
			isa = PBXGroup;
			children = (
				BE4C0F9F195DBAC20095C08D /* TriVis.app */,
				BE4C0FC0195DBAC20095C08D /* TriVisTests.xctest */,
			);
			name = Products;
			sourceTree = "<group>";
		};
		BE4C0FA1195DBAC20095C08D /* Frameworks */ = {
			isa = PBXGroup;
			children = (
				BEFF44FC19A3E51700D08188 /* libCGAL_Core.10.0.4.dylib */,
				BEFF44FD19A3E51700D08188 /* libCGAL.10.0.4.dylib */,
				BE3ADC381960500A009627DA /* GLKit.framework */,
				BE0ADC17196038F000E24690 /* libboost_system.dylib */,
				BE0ADC18196038F000E24690 /* libboost_thread.dylib */,
				BE0ADC1B196038F000E24690 /* libgmp.10.dylib */,
				BE0ADC1C196038F000E24690 /* libgmpxx.4.dylib */,
				BE0ADC1D196038F000E24690 /* libmpfi.0.dylib */,
				BE0ADC1E196038F000E24690 /* libmpfr.4.dylib */,
				BE0ADC151960383600E24690 /* GDAL.framework */,
				BE4C0FD6195DC4600095C08D /* OpenGL.framework */,
				BE4C0FA2195DBAC20095C08D /* Cocoa.framework */,
				BE4C0FA4195DBAC20095C08D /* Other Frameworks */,
			);
			name = Frameworks;
			sourceTree = "<group>";
		};
		BE4C0FA4195DBAC20095C08D /* Other Frameworks */ = {
			isa = PBXGroup;
			children = (
				BE4C0FA5195DBAC20095C08D /* AppKit.framework */,
				BE4C0FA6195DBAC20095C08D /* CoreData.framework */,
				BE4C0FA7195DBAC20095C08D /* Foundation.framework */,
			);
			name = "Other Frameworks";
			sourceTree = "<group>";
		};
		BE4C0FA8195DBAC20095C08D /* TriVis */ = {
			isa = PBXGroup;
			children = (
				BE6A2A6A1960A36E00761095 /* prepair */,
				BE4C0FB7195DBAC20095C08D /* MainMenu.xib */,
				BE4C0FD8195DC6640095C08D /* TriVisGLView.h */,
				BE4C0FD9195DC6640095C08D /* TriVisGLView.m */,
				BE4C0FE1195DCCC10095C08D /* TriVisFullscreenWindow.h */,
				BE4C0FE2195DCCC10095C08D /* TriVisFullscreenWindow.m */,
				BE4C0FDB195DC7500095C08D /* TriVisWindowController.h */,
				BE4C0FDC195DC7500095C08D /* TriVisWindowController.mm */,
				BE4C0FDE195DCA9A0095C08D /* TriVisRenderer.h */,
				BE4C0FDF195DCA9A0095C08D /* TriVisRenderer.mm */,
				BE1D2D9B195EEBCB0058FE06 /* TriVisScene.h */,
				BE1D2D9C195EEBD70058FE06 /* TriVisScene.cpp */,
				BEDACE51195EA9B9003B36E9 /* vertex.glsl */,
				BEDACE53195EA9BD003B36E9 /* fragment.glsl */,
				BE4C0FBA195DBAC20095C08D /* Images.xcassets */,
				BE4C0FA9195DBAC20095C08D /* Supporting Files */,
			);
			path = TriVis;
			sourceTree = "<group>";
		};
		BE4C0FA9195DBAC20095C08D /* Supporting Files */ = {
			isa = PBXGroup;
			children = (
				BE4C0FAA195DBAC20095C08D /* TriVis-Info.plist */,
				BE4C0FAB195DBAC20095C08D /* InfoPlist.strings */,
				BE4C0FAE195DBAC20095C08D /* main.m */,
				BE4C0FB0195DBAC20095C08D /* TriVis-Prefix.pch */,
			);
			name = "Supporting Files";
			sourceTree = "<group>";
		};
		BE4C0FC6195DBAC20095C08D /* TriVisTests */ = {
			isa = PBXGroup;
			children = (
				BE4C0FCC195DBAC20095C08D /* TriVisTests.m */,
				BE4C0FC7195DBAC20095C08D /* Supporting Files */,
			);
			path = TriVisTests;
			sourceTree = "<group>";
		};
		BE4C0FC7195DBAC20095C08D /* Supporting Files */ = {
			isa = PBXGroup;
			children = (
				BE4C0FC8195DBAC20095C08D /* TriVisTests-Info.plist */,
				BE4C0FC9195DBAC20095C08D /* InfoPlist.strings */,
			);
			name = "Supporting Files";
			sourceTree = "<group>";
		};
		BE6A2A6A1960A36E00761095 /* prepair */ = {
			isa = PBXGroup;
			children = (
				BEFF450019A3E68900D08188 /* Compact_constrained_triangulation_face_base_2.h */,
				BEFF450119A3E68900D08188 /* Definitions.h */,
				BEFF450219A3E68900D08188 /* Edge_info.h */,
				BEFF450319A3E68900D08188 /* Enhanced_constrained_triangulation_2.h */,
				BEFF450419A3E68900D08188 /* Polygon_repair.cpp */,
				BEFF450519A3E68900D08188 /* Polygon_repair.h */,
				BEFF450619A3E68900D08188 /* Triangle_info.h */,
				BEFF450719A3E68900D08188 /* Triangulation_face_base_with_info_on_face_and_halfedges_2.h */,
			);
			path = prepair;
			sourceTree = "<group>";
		};
/* End PBXGroup section */

/* Begin PBXNativeTarget section */
		BE4C0F9E195DBAC20095C08D /* TriVis */ = {
			isa = PBXNativeTarget;
			buildConfigurationList = BE4C0FD0195DBAC20095C08D /* Build configuration list for PBXNativeTarget "TriVis" */;
			buildPhases = (
				BE4C0F9B195DBAC20095C08D /* Sources */,
				BE4C0F9C195DBAC20095C08D /* Frameworks */,
				BE4C0F9D195DBAC20095C08D /* Resources */,
			);
			buildRules = (
			);
			dependencies = (
			);
			name = TriVis;
			productName = TriVis;
			productReference = BE4C0F9F195DBAC20095C08D /* TriVis.app */;
			productType = "com.apple.product-type.application";
		};
		BE4C0FBF195DBAC20095C08D /* TriVisTests */ = {
			isa = PBXNativeTarget;
			buildConfigurationList = BE4C0FD3195DBAC20095C08D /* Build configuration list for PBXNativeTarget "TriVisTests" */;
			buildPhases = (
				BE4C0FBC195DBAC20095C08D /* Sources */,
				BE4C0FBD195DBAC20095C08D /* Frameworks */,
				BE4C0FBE195DBAC20095C08D /* Resources */,
			);
			buildRules = (
			);
			dependencies = (
				BE4C0FC5195DBAC20095C08D /* PBXTargetDependency */,
			);
			name = TriVisTests;
			productName = TriVisTests;
			productReference = BE4C0FC0195DBAC20095C08D /* TriVisTests.xctest */;
			productType = "com.apple.product-type.bundle.unit-test";
		};
/* End PBXNativeTarget section */

/* Begin PBXProject section */
		BE4C0F97195DBAC20095C08D /* Project object */ = {
			isa = PBXProject;
			attributes = {
				LastUpgradeCheck = 0510;
				ORGANIZATIONNAME = "Ken Arroyo Ohori";
				TargetAttributes = {
					BE4C0FBF195DBAC20095C08D = {
						TestTargetID = BE4C0F9E195DBAC20095C08D;
					};
				};
			};
			buildConfigurationList = BE4C0F9A195DBAC20095C08D /* Build configuration list for PBXProject "TriVis" */;
			compatibilityVersion = "Xcode 3.2";
			developmentRegion = English;
			hasScannedForEncodings = 0;
			knownRegions = (
				en,
				Base,
			);
			mainGroup = BE4C0F96195DBAC20095C08D;
			productRefGroup = BE4C0FA0195DBAC20095C08D /* Products */;
			projectDirPath = "";
			projectRoot = "";
			targets = (
				BE4C0F9E195DBAC20095C08D /* TriVis */,
				BE4C0FBF195DBAC20095C08D /* TriVisTests */,
			);
		};
/* End PBXProject section */

/* Begin PBXResourcesBuildPhase section */
		BE4C0F9D195DBAC20095C08D /* Resources */ = {
			isa = PBXResourcesBuildPhase;
			buildActionMask = 2147483647;
			files = (
				BE4C0FAD195DBAC20095C08D /* InfoPlist.strings in Resources */,
				BE4C0FBB195DBAC20095C08D /* Images.xcassets in Resources */,
				BEDACE54195EA9BD003B36E9 /* fragment.glsl in Resources */,
				BE4C0FB9195DBAC20095C08D /* MainMenu.xib in Resources */,
				BEDACE52195EA9B9003B36E9 /* vertex.glsl in Resources */,
			);
			runOnlyForDeploymentPostprocessing = 0;
		};
		BE4C0FBE195DBAC20095C08D /* Resources */ = {
			isa = PBXResourcesBuildPhase;
			buildActionMask = 2147483647;
			files = (
				BE4C0FCB195DBAC20095C08D /* InfoPlist.strings in Resources */,
			);
			runOnlyForDeploymentPostprocessing = 0;
		};
/* End PBXResourcesBuildPhase section */

/* Begin PBXSourcesBuildPhase section */
		BE4C0F9B195DBAC20095C08D /* Sources */ = {
			isa = PBXSourcesBuildPhase;
			buildActionMask = 2147483647;
			files = (
				BE4C0FDD195DC7500095C08D /* TriVisWindowController.mm in Sources */,
				BE4C0FE3195DCCC10095C08D /* TriVisFullscreenWindow.m in Sources */,
				BEFF450819A3E68900D08188 /* Polygon_repair.cpp in Sources */,
				BE4C0FE0195DCA9A0095C08D /* TriVisRenderer.mm in Sources */,
				BE4C0FDA195DC6640095C08D /* TriVisGLView.m in Sources */,
				BE4C0FAF195DBAC20095C08D /* main.m in Sources */,
				BE1D2D9D195EEBD70058FE06 /* TriVisScene.cpp in Sources */,
			);
			runOnlyForDeploymentPostprocessing = 0;
		};
		BE4C0FBC195DBAC20095C08D /* Sources */ = {
			isa = PBXSourcesBuildPhase;
			buildActionMask = 2147483647;
			files = (
				BE4C0FCD195DBAC20095C08D /* TriVisTests.m in Sources */,
			);
			runOnlyForDeploymentPostprocessing = 0;
		};
/* End PBXSourcesBuildPhase section */

/* Begin PBXTargetDependency section */
		BE4C0FC5195DBAC20095C08D /* PBXTargetDependency */ = {
			isa = PBXTargetDependency;
			target = BE4C0F9E195DBAC20095C08D /* TriVis */;
			targetProxy = BE4C0FC4195DBAC20095C08D /* PBXContainerItemProxy */;
		};
/* End PBXTargetDependency section */

/* Begin PBXVariantGroup section */
		BE4C0FAB195DBAC20095C08D /* InfoPlist.strings */ = {
			isa = PBXVariantGroup;
			children = (
				BE4C0FAC195DBAC20095C08D /* en */,
			);
			name = InfoPlist.strings;
			sourceTree = "<group>";
		};
		BE4C0FB7195DBAC20095C08D /* MainMenu.xib */ = {
			isa = PBXVariantGroup;
			children = (
				BE4C0FB8195DBAC20095C08D /* Base */,
			);
			name = MainMenu.xib;
			sourceTree = "<group>";
		};
		BE4C0FC9195DBAC20095C08D /* InfoPlist.strings */ = {
			isa = PBXVariantGroup;
			children = (
				BE4C0FCA195DBAC20095C08D /* en */,
			);
			name = InfoPlist.strings;
			sourceTree = "<group>";
		};
/* End PBXVariantGroup section */

/* Begin XCBuildConfiguration section */
		BE4C0FCE195DBAC20095C08D /* Debug */ = {
			isa = XCBuildConfiguration;
			buildSettings = {
				ALWAYS_SEARCH_USER_PATHS = NO;
				CLANG_CXX_LANGUAGE_STANDARD = "gnu++0x";
				CLANG_CXX_LIBRARY = "libc++";
				CLANG_ENABLE_MODULES = YES;
				CLANG_ENABLE_OBJC_ARC = YES;
				CLANG_WARN_BOOL_CONVERSION = YES;
				CLANG_WARN_CONSTANT_CONVERSION = YES;
				CLANG_WARN_DIRECT_OBJC_ISA_USAGE = YES_ERROR;
				CLANG_WARN_EMPTY_BODY = YES;
				CLANG_WARN_ENUM_CONVERSION = YES;
				CLANG_WARN_INT_CONVERSION = YES;
				CLANG_WARN_OBJC_ROOT_CLASS = YES_ERROR;
				CLANG_WARN__DUPLICATE_METHOD_MATCH = YES;
				COPY_PHASE_STRIP = NO;
				GCC_C_LANGUAGE_STANDARD = gnu99;
				GCC_DYNAMIC_NO_PIC = NO;
				GCC_ENABLE_OBJC_EXCEPTIONS = YES;
				GCC_OPTIMIZATION_LEVEL = 0;
				GCC_PREPROCESSOR_DEFINITIONS = (
					"DEBUG=1",
					"$(inherited)",
				);
				GCC_SYMBOLS_PRIVATE_EXTERN = NO;
				GCC_WARN_64_TO_32_BIT_CONVERSION = YES;
				GCC_WARN_ABOUT_RETURN_TYPE = YES_ERROR;
				GCC_WARN_UNDECLARED_SELECTOR = YES;
				GCC_WARN_UNINITIALIZED_AUTOS = YES_AGGRESSIVE;
				GCC_WARN_UNUSED_FUNCTION = YES;
				GCC_WARN_UNUSED_VARIABLE = YES;
				MACOSX_DEPLOYMENT_TARGET = 10.9;
				ONLY_ACTIVE_ARCH = YES;
				SDKROOT = macosx;
			};
			name = Debug;
		};
		BE4C0FCF195DBAC20095C08D /* Release */ = {
			isa = XCBuildConfiguration;
			buildSettings = {
				ALWAYS_SEARCH_USER_PATHS = NO;
				CLANG_CXX_LANGUAGE_STANDARD = "gnu++0x";
				CLANG_CXX_LIBRARY = "libc++";
				CLANG_ENABLE_MODULES = YES;
				CLANG_ENABLE_OBJC_ARC = YES;
				CLANG_WARN_BOOL_CONVERSION = YES;
				CLANG_WARN_CONSTANT_CONVERSION = YES;
				CLANG_WARN_DIRECT_OBJC_ISA_USAGE = YES_ERROR;
				CLANG_WARN_EMPTY_BODY = YES;
				CLANG_WARN_ENUM_CONVERSION = YES;
				CLANG_WARN_INT_CONVERSION = YES;
				CLANG_WARN_OBJC_ROOT_CLASS = YES_ERROR;
				CLANG_WARN__DUPLICATE_METHOD_MATCH = YES;
				COPY_PHASE_STRIP = YES;
				DEBUG_INFORMATION_FORMAT = "dwarf-with-dsym";
				ENABLE_NS_ASSERTIONS = NO;
				GCC_C_LANGUAGE_STANDARD = gnu99;
				GCC_ENABLE_OBJC_EXCEPTIONS = YES;
				GCC_WARN_64_TO_32_BIT_CONVERSION = YES;
				GCC_WARN_ABOUT_RETURN_TYPE = YES_ERROR;
				GCC_WARN_UNDECLARED_SELECTOR = YES;
				GCC_WARN_UNINITIALIZED_AUTOS = YES_AGGRESSIVE;
				GCC_WARN_UNUSED_FUNCTION = YES;
				GCC_WARN_UNUSED_VARIABLE = YES;
				MACOSX_DEPLOYMENT_TARGET = 10.9;
				SDKROOT = macosx;
			};
			name = Release;
		};
		BE4C0FD1195DBAC20095C08D /* Debug */ = {
			isa = XCBuildConfiguration;
			buildSettings = {
				ASSETCATALOG_COMPILER_APPICON_NAME = AppIcon;
				CLANG_CXX_LANGUAGE_STANDARD = "c++14";
				COMBINE_HIDPI_IMAGES = YES;
				FRAMEWORK_SEARCH_PATHS = (
					"$(inherited)",
					"$(LOCAL_LIBRARY_DIR)/Frameworks",
				);
				GCC_C_LANGUAGE_STANDARD = c11;
				GCC_OPTIMIZATION_LEVEL = fast;
				GCC_PRECOMPILE_PREFIX_HEADER = YES;
				GCC_PREFIX_HEADER = "TriVis/TriVis-Prefix.pch";
				GCC_WARN_64_TO_32_BIT_CONVERSION = NO;
				GCC_WARN_UNINITIALIZED_AUTOS = YES;
				HEADER_SEARCH_PATHS = /usr/local/include;
				INFOPLIST_FILE = "TriVis/TriVis-Info.plist";
				LIBRARY_SEARCH_PATHS = /usr/local/lib;
				PRODUCT_NAME = "$(TARGET_NAME)";
				WRAPPER_EXTENSION = app;
			};
			name = Debug;
		};
		BE4C0FD2195DBAC20095C08D /* Release */ = {
			isa = XCBuildConfiguration;
			buildSettings = {
				ASSETCATALOG_COMPILER_APPICON_NAME = AppIcon;
				CLANG_CXX_LANGUAGE_STANDARD = "c++14";
				COMBINE_HIDPI_IMAGES = YES;
				FRAMEWORK_SEARCH_PATHS = (
					"$(inherited)",
					"$(LOCAL_LIBRARY_DIR)/Frameworks",
				);
				GCC_C_LANGUAGE_STANDARD = c11;
				GCC_OPTIMIZATION_LEVEL = fast;
				GCC_PRECOMPILE_PREFIX_HEADER = YES;
				GCC_PREFIX_HEADER = "TriVis/TriVis-Prefix.pch";
				GCC_WARN_64_TO_32_BIT_CONVERSION = NO;
				GCC_WARN_UNINITIALIZED_AUTOS = YES;
				HEADER_SEARCH_PATHS = /usr/local/include;
				INFOPLIST_FILE = "TriVis/TriVis-Info.plist";
				LIBRARY_SEARCH_PATHS = /usr/local/lib;
				PRODUCT_NAME = "$(TARGET_NAME)";
				WRAPPER_EXTENSION = app;
			};
			name = Release;
		};
		BE4C0FD4195DBAC20095C08D /* Debug */ = {
			isa = XCBuildConfiguration;
			buildSettings = {
				BUNDLE_LOADER = "$(BUILT_PRODUCTS_DIR)/TriVis.app/Contents/MacOS/TriVis";
				COMBINE_HIDPI_IMAGES = YES;
				FRAMEWORK_SEARCH_PATHS = (
					"$(DEVELOPER_FRAMEWORKS_DIR)",
					"$(inherited)",
				);
				GCC_PRECOMPILE_PREFIX_HEADER = YES;
				GCC_PREFIX_HEADER = "TriVis/TriVis-Prefix.pch";
				GCC_PREPROCESSOR_DEFINITIONS = (
					"DEBUG=1",
					"$(inherited)",
				);
				INFOPLIST_FILE = "TriVisTests/TriVisTests-Info.plist";
				PRODUCT_NAME = "$(TARGET_NAME)";
				TEST_HOST = "$(BUNDLE_LOADER)";
				WRAPPER_EXTENSION = xctest;
			};
			name = Debug;
		};
		BE4C0FD5195DBAC20095C08D /* Release */ = {
			isa = XCBuildConfiguration;
			buildSettings = {
				BUNDLE_LOADER = "$(BUILT_PRODUCTS_DIR)/TriVis.app/Contents/MacOS/TriVis";
				COMBINE_HIDPI_IMAGES = YES;
				FRAMEWORK_SEARCH_PATHS = (
					"$(DEVELOPER_FRAMEWORKS_DIR)",
					"$(inherited)",
				);
				GCC_PRECOMPILE_PREFIX_HEADER = YES;
				GCC_PREFIX_HEADER = "TriVis/TriVis-Prefix.pch";
				INFOPLIST_FILE = "TriVisTests/TriVisTests-Info.plist";
				PRODUCT_NAME = "$(TARGET_NAME)";
				TEST_HOST = "$(BUNDLE_LOADER)";
				WRAPPER_EXTENSION = xctest;
			};
			name = Release;
		};
/* End XCBuildConfiguration section */

/* Begin XCConfigurationList section */
		BE4C0F9A195DBAC20095C08D /* Build configuration list for PBXProject "TriVis" */ = {
			isa = XCConfigurationList;
			buildConfigurations = (
				BE4C0FCE195DBAC20095C08D /* Debug */,
				BE4C0FCF195DBAC20095C08D /* Release */,
			);
			defaultConfigurationIsVisible = 0;
			defaultConfigurationName = Release;
		};
		BE4C0FD0195DBAC20095C08D /* Build configuration list for PBXNativeTarget "TriVis" */ = {
			isa = XCConfigurationList;
			buildConfigurations = (
				BE4C0FD1195DBAC20095C08D /* Debug */,
				BE4C0FD2195DBAC20095C08D /* Release */,
			);
			defaultConfigurationIsVisible = 0;
			defaultConfigurationName = Release;
		};
		BE4C0FD3195DBAC20095C08D /* Build configuration list for PBXNativeTarget "TriVisTests" */ = {
			isa = XCConfigurationList;
			buildConfigurations = (
				BE4C0FD4195DBAC20095C08D /* Debug */,
				BE4C0FD5195DBAC20095C08D /* Release */,
			);
			defaultConfigurationIsVisible = 0;
			defaultConfigurationName = Release;
		};
/* End XCConfigurationList section */
	};
	rootObject = BE4C0F97195DBAC20095C08D /* Project object */;
}
